<Solution>
  <Folder Name="/GreenPng/">
    <Project Path="GreenPng/GreenBuf/GreenBuf.csproj" />
    <Project Path="GreenPng/GreenPng/GreenPng.csproj" />
  </Folder>
  <Project Path="PanelWork.Test/PanelWork.Test.csproj" />
  <Project Path="PanelWork/PanelWork.csproj" />
  <Project Path="Thermal/Thermal.csproj" />
</Solution>
